
Microsoft Visual Studio Solution File, Format Version 12.00
# Visual Studio 15
VisualStudioVersion = 15.0.26730.16
MinimumVisualStudioVersion = 10.0.40219.1
Project("{FAE04EC0-301F-11D3-BF4B-00C04F79EFBC}") = "OnboardingExperience", "OnboardingExperience\OnboardingExperience.csproj", "{42811A39-69A1-4D77-B1D7-B175C1001BA7}"
EndProject
Global
	GlobalSection(SolutionConfigurationPlatforms) = preSolution
		Debug|Any CPU = Debug|Any CPU
		Release|Any CPU = Release|Any CPU
	EndGlobalSection
	GlobalSection(ProjectConfigurationPlatforms) = postSolution
		{42811A39-69A1-4D77-B1D7-B175C1001BA7}.Debug|Any CPU.ActiveCfg = Debug|Any CPU
		{42811A39-69A1-4D77-B1D7-B175C1001BA7}.Debug|Any CPU.Build.0 = Debug|Any CPU
		{42811A39-69A1-4D77-B1D7-B175C1001BA7}.Release|Any CPU.ActiveCfg = Release|Any CPU
		{42811A39-69A1-4D77-B1D7-B175C1001BA7}.Release|Any CPU.Build.0 = Release|Any CPU
	EndGlobalSection
	GlobalSection(SolutionProperties) = preSolution
		HideSolutionNode = FALSE
	EndGlobalSection
	GlobalSection(ExtensibilityGlobals) = postSolution
		SolutionGuid = {9B3F9667-005C-45A8-9586-F86170AC2CD7}
	EndGlobalSection
EndGlobal
